
Microsoft Visual Studio Solution File, Format Version 12.00
# Visual Studio Version 17
VisualStudioVersion = 17.9.34728.123
MinimumVisualStudioVersion = 10.0.40219.1
Project("{FAE04EC0-301F-11D3-BF4B-00C04F79EFBC}") = "DiyetisyenDanisanWebApp", "DiyetisyenDanisanWebApp\DiyetisyenDanisanWebApp.csproj", "{1485BD75-A789-45F4-A720-C2E699714D39}"
EndProject
Global
	GlobalSection(SolutionConfigurationPlatforms) = preSolution
		Debug|Any CPU = Debug|Any CPU
		Release|Any CPU = Release|Any CPU
	EndGlobalSection
	GlobalSection(ProjectConfigurationPlatforms) = postSolution
		{1485BD75-A789-45F4-A720-C2E699714D39}.Debug|Any CPU.ActiveCfg = Debug|Any CPU
		{1485BD75-A789-45F4-A720-C2E699714D39}.Debug|Any CPU.Build.0 = Debug|Any CPU
		{1485BD75-A789-45F4-A720-C2E699714D39}.Release|Any CPU.ActiveCfg = Release|Any CPU
		{1485BD75-A789-45F4-A720-C2E699714D39}.Release|Any CPU.Build.0 = Release|Any CPU
	EndGlobalSection
	GlobalSection(SolutionProperties) = preSolution
		HideSolutionNode = FALSE
	EndGlobalSection
	GlobalSection(ExtensibilityGlobals) = postSolution
		SolutionGuid = {F006A58E-B85A-4F33-A21A-AA4A63E9A735}
	EndGlobalSection
EndGlobal
